
Microsoft Visual Studio Solution File, Format Version 12.00
# Visual Studio 15
VisualStudioVersion = 15.0.26730.12
MinimumVisualStudioVersion = 10.0.40219.1
Project("{FAE04EC0-301F-11D3-BF4B-00C04F79EFBC}") = "XamChat.Core", "XamChat.Core\XamChat.Core.csproj", "{569969B3-DB09-414A-AA1B-2F56CB288796}"
EndProject
Project("{FAE04EC0-301F-11D3-BF4B-00C04F79EFBC}") = "XamChat.Tests", "XamChat.Tests\XamChat.Tests.csproj", "{8E1F7766-9B84-4AFC-AB74-5071D1947C9C}"
EndProject
Project("{FAE04EC0-301F-11D3-BF4B-00C04F79EFBC}") = "XamChat.iOS", "XamChat.iOS\XamChat.iOS.csproj", "{9996FD01-42F0-46FF-AFA8-2854AEDA6D55}"
EndProject
Global
	GlobalSection(SolutionConfigurationPlatforms) = preSolution
		Ad-Hoc|Any CPU = Ad-Hoc|Any CPU
		Ad-Hoc|iPhone = Ad-Hoc|iPhone
		Ad-Hoc|iPhoneSimulator = Ad-Hoc|iPhoneSimulator
		AppStore|Any CPU = AppStore|Any CPU
		AppStore|iPhone = AppStore|iPhone
		AppStore|iPhoneSimulator = AppStore|iPhoneSimulator
		Debug|Any CPU = Debug|Any CPU
		Debug|iPhone = Debug|iPhone
		Debug|iPhoneSimulator = Debug|iPhoneSimulator
		Release|Any CPU = Release|Any CPU
		Release|iPhone = Release|iPhone
		Release|iPhoneSimulator = Release|iPhoneSimulator
	EndGlobalSection
	GlobalSection(ProjectConfigurationPlatforms) = postSolution
		{569969B3-DB09-414A-AA1B-2F56CB288796}.Ad-Hoc|Any CPU.ActiveCfg = Release|Any CPU
		{569969B3-DB09-414A-AA1B-2F56CB288796}.Ad-Hoc|Any CPU.Build.0 = Release|Any CPU
		{569969B3-DB09-414A-AA1B-2F56CB288796}.Ad-Hoc|iPhone.ActiveCfg = Release|Any CPU
		{569969B3-DB09-414A-AA1B-2F56CB288796}.Ad-Hoc|iPhone.Build.0 = Release|Any CPU
		{569969B3-DB09-414A-AA1B-2F56CB288796}.Ad-Hoc|iPhoneSimulator.ActiveCfg = Release|Any CPU
		{569969B3-DB09-414A-AA1B-2F56CB288796}.Ad-Hoc|iPhoneSimulator.Build.0 = Release|Any CPU
		{569969B3-DB09-414A-AA1B-2F56CB288796}.AppStore|Any CPU.ActiveCfg = Release|Any CPU
		{569969B3-DB09-414A-AA1B-2F56CB288796}.AppStore|Any CPU.Build.0 = Release|Any CPU
		{569969B3-DB09-414A-AA1B-2F56CB288796}.AppStore|iPhone.ActiveCfg = Release|Any CPU
		{569969B3-DB09-414A-AA1B-2F56CB288796}.AppStore|iPhone.Build.0 = Release|Any CPU
		{569969B3-DB09-414A-AA1B-2F56CB288796}.AppStore|iPhoneSimulator.ActiveCfg = Release|Any CPU
		{569969B3-DB09-414A-AA1B-2F56CB288796}.AppStore|iPhoneSimulator.Build.0 = Release|Any CPU
		{569969B3-DB09-414A-AA1B-2F56CB288796}.Debug|Any CPU.ActiveCfg = Debug|Any CPU
		{569969B3-DB09-414A-AA1B-2F56CB288796}.Debug|Any CPU.Build.0 = Debug|Any CPU
		{569969B3-DB09-414A-AA1B-2F56CB288796}.Debug|iPhone.ActiveCfg = Debug|Any CPU
		{569969B3-DB09-414A-AA1B-2F56CB288796}.Debug|iPhone.Build.0 = Debug|Any CPU
		{569969B3-DB09-414A-AA1B-2F56CB288796}.Debug|iPhoneSimulator.ActiveCfg = Debug|Any CPU
		{569969B3-DB09-414A-AA1B-2F56CB288796}.Debug|iPhoneSimulator.Build.0 = Debug|Any CPU
		{569969B3-DB09-414A-AA1B-2F56CB288796}.Release|Any CPU.ActiveCfg = Release|Any CPU
		{569969B3-DB09-414A-AA1B-2F56CB288796}.Release|Any CPU.Build.0 = Release|Any CPU
		{569969B3-DB09-414A-AA1B-2F56CB288796}.Release|iPhone.ActiveCfg = Release|Any CPU
		{569969B3-DB09-414A-AA1B-2F56CB288796}.Release|iPhone.Build.0 = Release|Any CPU
		{569969B3-DB09-414A-AA1B-2F56CB288796}.Release|iPhoneSimulator.ActiveCfg = Release|Any CPU
		{569969B3-DB09-414A-AA1B-2F56CB288796}.Release|iPhoneSimulator.Build.0 = Release|Any CPU
		{8E1F7766-9B84-4AFC-AB74-5071D1947C9C}.Ad-Hoc|Any CPU.ActiveCfg = Release|Any CPU
		{8E1F7766-9B84-4AFC-AB74-5071D1947C9C}.Ad-Hoc|Any CPU.Build.0 = Release|Any CPU
		{8E1F7766-9B84-4AFC-AB74-5071D1947C9C}.Ad-Hoc|iPhone.ActiveCfg = Release|Any CPU
		{8E1F7766-9B84-4AFC-AB74-5071D1947C9C}.Ad-Hoc|iPhone.Build.0 = Release|Any CPU
		{8E1F7766-9B84-4AFC-AB74-5071D1947C9C}.Ad-Hoc|iPhoneSimulator.ActiveCfg = Release|Any CPU
		{8E1F7766-9B84-4AFC-AB74-5071D1947C9C}.Ad-Hoc|iPhoneSimulator.Build.0 = Release|Any CPU
		{8E1F7766-9B84-4AFC-AB74-5071D1947C9C}.AppStore|Any CPU.ActiveCfg = Release|Any CPU
		{8E1F7766-9B84-4AFC-AB74-5071D1947C9C}.AppStore|Any CPU.Build.0 = Release|Any CPU
		{8E1F7766-9B84-4AFC-AB74-5071D1947C9C}.AppStore|iPhone.ActiveCfg = Release|Any CPU
		{8E1F7766-9B84-4AFC-AB74-5071D1947C9C}.AppStore|iPhone.Build.0 = Release|Any CPU
		{8E1F7766-9B84-4AFC-AB74-5071D1947C9C}.AppStore|iPhoneSimulator.ActiveCfg = Release|Any CPU
		{8E1F7766-9B84-4AFC-AB74-5071D1947C9C}.AppStore|iPhoneSimulator.Build.0 = Release|Any CPU
		{8E1F7766-9B84-4AFC-AB74-5071D1947C9C}.Debug|Any CPU.ActiveCfg = Debug|Any CPU
		{8E1F7766-9B84-4AFC-AB74-5071D1947C9C}.Debug|Any CPU.Build.0 = Debug|Any CPU
		{8E1F7766-9B84-4AFC-AB74-5071D1947C9C}.Debug|iPhone.ActiveCfg = Debug|Any CPU
		{8E1F7766-9B84-4AFC-AB74-5071D1947C9C}.Debug|iPhone.Build.0 = Debug|Any CPU
		{8E1F7766-9B84-4AFC-AB74-5071D1947C9C}.Debug|iPhoneSimulator.ActiveCfg = Debug|Any CPU
		{8E1F7766-9B84-4AFC-AB74-5071D1947C9C}.Debug|iPhoneSimulator.Build.0 = Debug|Any CPU
		{8E1F7766-9B84-4AFC-AB74-5071D1947C9C}.Release|Any CPU.ActiveCfg = Release|Any CPU
		{8E1F7766-9B84-4AFC-AB74-5071D1947C9C}.Release|Any CPU.Build.0 = Release|Any CPU
		{8E1F7766-9B84-4AFC-AB74-5071D1947C9C}.Release|iPhone.ActiveCfg = Release|Any CPU
		{8E1F7766-9B84-4AFC-AB74-5071D1947C9C}.Release|iPhone.Build.0 = Release|Any CPU
		{8E1F7766-9B84-4AFC-AB74-5071D1947C9C}.Release|iPhoneSimulator.ActiveCfg = Release|Any CPU
		{8E1F7766-9B84-4AFC-AB74-5071D1947C9C}.Release|iPhoneSimulator.Build.0 = Release|Any CPU
		{9996FD01-42F0-46FF-AFA8-2854AEDA6D55}.Ad-Hoc|Any CPU.ActiveCfg = Ad-Hoc|iPhone
		{9996FD01-42F0-46FF-AFA8-2854AEDA6D55}.Ad-Hoc|iPhone.ActiveCfg = Ad-Hoc|iPhone
		{9996FD01-42F0-46FF-AFA8-2854AEDA6D55}.Ad-Hoc|iPhone.Build.0 = Ad-Hoc|iPhone
		{9996FD01-42F0-46FF-AFA8-2854AEDA6D55}.Ad-Hoc|iPhoneSimulator.ActiveCfg = Ad-Hoc|iPhoneSimulator
		{9996FD01-42F0-46FF-AFA8-2854AEDA6D55}.Ad-Hoc|iPhoneSimulator.Build.0 = Ad-Hoc|iPhoneSimulator
		{9996FD01-42F0-46FF-AFA8-2854AEDA6D55}.AppStore|Any CPU.ActiveCfg = AppStore|iPhone
		{9996FD01-42F0-46FF-AFA8-2854AEDA6D55}.AppStore|iPhone.ActiveCfg = AppStore|iPhone
		{9996FD01-42F0-46FF-AFA8-2854AEDA6D55}.AppStore|iPhone.Build.0 = AppStore|iPhone
		{9996FD01-42F0-46FF-AFA8-2854AEDA6D55}.AppStore|iPhoneSimulator.ActiveCfg = AppStore|iPhoneSimulator
		{9996FD01-42F0-46FF-AFA8-2854AEDA6D55}.AppStore|iPhoneSimulator.Build.0 = AppStore|iPhoneSimulator
		{9996FD01-42F0-46FF-AFA8-2854AEDA6D55}.Debug|Any CPU.ActiveCfg = Debug|iPhone
		{9996FD01-42F0-46FF-AFA8-2854AEDA6D55}.Debug|iPhone.ActiveCfg = Debug|iPhone
		{9996FD01-42F0-46FF-AFA8-2854AEDA6D55}.Debug|iPhone.Build.0 = Debug|iPhone
		{9996FD01-42F0-46FF-AFA8-2854AEDA6D55}.Debug|iPhoneSimulator.ActiveCfg = Debug|iPhoneSimulator
		{9996FD01-42F0-46FF-AFA8-2854AEDA6D55}.Debug|iPhoneSimulator.Build.0 = Debug|iPhoneSimulator
		{9996FD01-42F0-46FF-AFA8-2854AEDA6D55}.Release|Any CPU.ActiveCfg = Release|iPhone
		{9996FD01-42F0-46FF-AFA8-2854AEDA6D55}.Release|iPhone.ActiveCfg = Release|iPhone
		{9996FD01-42F0-46FF-AFA8-2854AEDA6D55}.Release|iPhone.Build.0 = Release|iPhone
		{9996FD01-42F0-46FF-AFA8-2854AEDA6D55}.Release|iPhoneSimulator.ActiveCfg = Release|iPhoneSimulator
		{9996FD01-42F0-46FF-AFA8-2854AEDA6D55}.Release|iPhoneSimulator.Build.0 = Release|iPhoneSimulator
	EndGlobalSection
	GlobalSection(SolutionProperties) = preSolution
		HideSolutionNode = FALSE
	EndGlobalSection
	GlobalSection(ExtensibilityGlobals) = postSolution
		SolutionGuid = {EF0F5F7C-8E0C-404C-8570-53AA80C1397D}
	EndGlobalSection
EndGlobal
